
Microsoft Visual Studio Solution File, Format Version 12.00
# Visual Studio Version 17
VisualStudioVersion = 17.6.33815.320
MinimumVisualStudioVersion = 10.0.40219.1
Project("{2150E333-8FDC-42A3-9474-1A3956D46DE8}") = "Services", "Services", "{84146104-244B-4332-8A66-9ABA5EDBFD96}"
EndProject
Project("{2150E333-8FDC-42A3-9474-1A3956D46DE8}") = "WebApps", "WebApps", "{82F21526-895A-4077-B77A-69701FF6B316}"
EndProject
Project("{2150E333-8FDC-42A3-9474-1A3956D46DE8}") = "Cadastros", "Cadastros", "{AD3000D5-56D5-43CD-A0A3-7C02EB324C98}"
EndProject
Project("{2150E333-8FDC-42A3-9474-1A3956D46DE8}") = "Catalogo", "Catalogo", "{CD0FAF45-8544-4AA1-A13E-F077C7BD9A1B}"
EndProject
Project("{2150E333-8FDC-42A3-9474-1A3956D46DE8}") = "Core", "Core", "{F6EDC1DC-9F4B-47E4-8D98-71D92933315C}"
EndProject
Project("{2150E333-8FDC-42A3-9474-1A3956D46DE8}") = "Fiscal", "Fiscal", "{446C5255-EA80-436F-BB0B-8A5CA523B36A}"
EndProject
Project("{2150E333-8FDC-42A3-9474-1A3956D46DE8}") = "Pagamentos", "Pagamentos", "{9DD9D3B7-9D94-4BC5-B835-91F0D13ABBC8}"
EndProject
Project("{2150E333-8FDC-42A3-9474-1A3956D46DE8}") = "Vendas", "Vendas", "{D0D73445-221E-4D24-9554-35057AE93881}"
EndProject
Project("{9A19103F-16F7-4668-BE54-9A1E7A4F7556}") = "BlankStore.Catalogo.Domain", "src\BlankStore.Catalogo.Domain\BlankStore.Catalogo.Domain.csproj", "{094D5055-8988-4E3C-9ECD-34C700A135FD}"
EndProject
Project("{9A19103F-16F7-4668-BE54-9A1E7A4F7556}") = "BlankStore.Core", "src\BlankStore.Core\BlankStore.Core.csproj", "{C05BFFDB-AA68-4C7D-A44B-2C7B758E3E56}"
EndProject
Project("{2150E333-8FDC-42A3-9474-1A3956D46DE8}") = "Tests", "Tests", "{2606DAE4-DC13-4382-B372-8E29B5C96D4B}"
EndProject
Project("{9A19103F-16F7-4668-BE54-9A1E7A4F7556}") = "BlankStore.Catalogo.Domain.Tests", "BlankStore.Catalogo.Domain.Tests\BlankStore.Catalogo.Domain.Tests.csproj", "{AB96F177-F011-4C58-B618-84D98884E5CE}"
EndProject
Project("{9A19103F-16F7-4668-BE54-9A1E7A4F7556}") = "BlankStore.Catalogo.Data", "src\BlankStore.Catalogo.Data\BlankStore.Catalogo.Data.csproj", "{7773973D-7CA2-47BC-97F9-593B88D56257}"
EndProject
Project("{9A19103F-16F7-4668-BE54-9A1E7A4F7556}") = "BlankStore.Catalogo.Application", "src\BlankStore.Catalogo.Application\BlankStore.Catalogo.Application.csproj", "{2AEC0FDB-D44F-4D57-B581-2C7AC43260DC}"
EndProject
Project("{9A19103F-16F7-4668-BE54-9A1E7A4F7556}") = "BlankStore.WebAPP.MVC", "src\BlankStore.WebAPP.MVC\BlankStore.WebAPP.MVC.csproj", "{6DCAE2BB-3643-470C-BB35-A0148958ADD6}"
EndProject
Project("{FAE04EC0-301F-11D3-BF4B-00C04F79EFBC}") = "BlankStore.Vendas.Domain", "src\BlankStore.Vendas.Domain\BlankStore.Vendas.Domain.csproj", "{0D6AB128-B9D1-4EFE-96D2-A1572CB4ED85}"
EndProject
Project("{FAE04EC0-301F-11D3-BF4B-00C04F79EFBC}") = "BlankStore.Vendas.Application", "src\BlankStore.Vendas.Application\BlankStore.Vendas.Application.csproj", "{01287F08-CC99-47BC-B878-98C55F7B115B}"
EndProject
Project("{FAE04EC0-301F-11D3-BF4B-00C04F79EFBC}") = "BlankStore.Vendas.Data", "src\BlankStore.Vendas.Data\BlankStore.Vendas.Data.csproj", "{AA615820-C0B4-408D-97C0-0CB226661D4F}"
EndProject
Global
	GlobalSection(SolutionConfigurationPlatforms) = preSolution
		Debug|Any CPU = Debug|Any CPU
		Release|Any CPU = Release|Any CPU
	EndGlobalSection
	GlobalSection(ProjectConfigurationPlatforms) = postSolution
		{094D5055-8988-4E3C-9ECD-34C700A135FD}.Debug|Any CPU.ActiveCfg = Debug|Any CPU
		{094D5055-8988-4E3C-9ECD-34C700A135FD}.Debug|Any CPU.Build.0 = Debug|Any CPU
		{094D5055-8988-4E3C-9ECD-34C700A135FD}.Release|Any CPU.ActiveCfg = Release|Any CPU
		{094D5055-8988-4E3C-9ECD-34C700A135FD}.Release|Any CPU.Build.0 = Release|Any CPU
		{C05BFFDB-AA68-4C7D-A44B-2C7B758E3E56}.Debug|Any CPU.ActiveCfg = Debug|Any CPU
		{C05BFFDB-AA68-4C7D-A44B-2C7B758E3E56}.Debug|Any CPU.Build.0 = Debug|Any CPU
		{C05BFFDB-AA68-4C7D-A44B-2C7B758E3E56}.Release|Any CPU.ActiveCfg = Release|Any CPU
		{C05BFFDB-AA68-4C7D-A44B-2C7B758E3E56}.Release|Any CPU.Build.0 = Release|Any CPU
		{AB96F177-F011-4C58-B618-84D98884E5CE}.Debug|Any CPU.ActiveCfg = Debug|Any CPU
		{AB96F177-F011-4C58-B618-84D98884E5CE}.Debug|Any CPU.Build.0 = Debug|Any CPU
		{AB96F177-F011-4C58-B618-84D98884E5CE}.Release|Any CPU.ActiveCfg = Release|Any CPU
		{AB96F177-F011-4C58-B618-84D98884E5CE}.Release|Any CPU.Build.0 = Release|Any CPU
		{7773973D-7CA2-47BC-97F9-593B88D56257}.Debug|Any CPU.ActiveCfg = Debug|Any CPU
		{7773973D-7CA2-47BC-97F9-593B88D56257}.Debug|Any CPU.Build.0 = Debug|Any CPU
		{7773973D-7CA2-47BC-97F9-593B88D56257}.Release|Any CPU.ActiveCfg = Release|Any CPU
		{7773973D-7CA2-47BC-97F9-593B88D56257}.Release|Any CPU.Build.0 = Release|Any CPU
		{2AEC0FDB-D44F-4D57-B581-2C7AC43260DC}.Debug|Any CPU.ActiveCfg = Debug|Any CPU
		{2AEC0FDB-D44F-4D57-B581-2C7AC43260DC}.Debug|Any CPU.Build.0 = Debug|Any CPU
		{2AEC0FDB-D44F-4D57-B581-2C7AC43260DC}.Release|Any CPU.ActiveCfg = Release|Any CPU
		{2AEC0FDB-D44F-4D57-B581-2C7AC43260DC}.Release|Any CPU.Build.0 = Release|Any CPU
		{6DCAE2BB-3643-470C-BB35-A0148958ADD6}.Debug|Any CPU.ActiveCfg = Debug|Any CPU
		{6DCAE2BB-3643-470C-BB35-A0148958ADD6}.Debug|Any CPU.Build.0 = Debug|Any CPU
		{6DCAE2BB-3643-470C-BB35-A0148958ADD6}.Release|Any CPU.ActiveCfg = Release|Any CPU
		{6DCAE2BB-3643-470C-BB35-A0148958ADD6}.Release|Any CPU.Build.0 = Release|Any CPU
		{0D6AB128-B9D1-4EFE-96D2-A1572CB4ED85}.Debug|Any CPU.ActiveCfg = Debug|Any CPU
		{0D6AB128-B9D1-4EFE-96D2-A1572CB4ED85}.Debug|Any CPU.Build.0 = Debug|Any CPU
		{0D6AB128-B9D1-4EFE-96D2-A1572CB4ED85}.Release|Any CPU.ActiveCfg = Release|Any CPU
		{0D6AB128-B9D1-4EFE-96D2-A1572CB4ED85}.Release|Any CPU.Build.0 = Release|Any CPU
		{01287F08-CC99-47BC-B878-98C55F7B115B}.Debug|Any CPU.ActiveCfg = Debug|Any CPU
		{01287F08-CC99-47BC-B878-98C55F7B115B}.Debug|Any CPU.Build.0 = Debug|Any CPU
		{01287F08-CC99-47BC-B878-98C55F7B115B}.Release|Any CPU.ActiveCfg = Release|Any CPU
		{01287F08-CC99-47BC-B878-98C55F7B115B}.Release|Any CPU.Build.0 = Release|Any CPU
		{AA615820-C0B4-408D-97C0-0CB226661D4F}.Debug|Any CPU.ActiveCfg = Debug|Any CPU
		{AA615820-C0B4-408D-97C0-0CB226661D4F}.Debug|Any CPU.Build.0 = Debug|Any CPU
		{AA615820-C0B4-408D-97C0-0CB226661D4F}.Release|Any CPU.ActiveCfg = Release|Any CPU
		{AA615820-C0B4-408D-97C0-0CB226661D4F}.Release|Any CPU.Build.0 = Release|Any CPU
	EndGlobalSection
	GlobalSection(SolutionProperties) = preSolution
		HideSolutionNode = FALSE
	EndGlobalSection
	GlobalSection(NestedProjects) = preSolution
		{AD3000D5-56D5-43CD-A0A3-7C02EB324C98} = {84146104-244B-4332-8A66-9ABA5EDBFD96}
		{CD0FAF45-8544-4AA1-A13E-F077C7BD9A1B} = {84146104-244B-4332-8A66-9ABA5EDBFD96}
		{F6EDC1DC-9F4B-47E4-8D98-71D92933315C} = {84146104-244B-4332-8A66-9ABA5EDBFD96}
		{446C5255-EA80-436F-BB0B-8A5CA523B36A} = {84146104-244B-4332-8A66-9ABA5EDBFD96}
		{9DD9D3B7-9D94-4BC5-B835-91F0D13ABBC8} = {84146104-244B-4332-8A66-9ABA5EDBFD96}
		{D0D73445-221E-4D24-9554-35057AE93881} = {84146104-244B-4332-8A66-9ABA5EDBFD96}
		{094D5055-8988-4E3C-9ECD-34C700A135FD} = {CD0FAF45-8544-4AA1-A13E-F077C7BD9A1B}
		{C05BFFDB-AA68-4C7D-A44B-2C7B758E3E56} = {F6EDC1DC-9F4B-47E4-8D98-71D92933315C}
		{2606DAE4-DC13-4382-B372-8E29B5C96D4B} = {CD0FAF45-8544-4AA1-A13E-F077C7BD9A1B}
		{AB96F177-F011-4C58-B618-84D98884E5CE} = {2606DAE4-DC13-4382-B372-8E29B5C96D4B}
		{7773973D-7CA2-47BC-97F9-593B88D56257} = {CD0FAF45-8544-4AA1-A13E-F077C7BD9A1B}
		{2AEC0FDB-D44F-4D57-B581-2C7AC43260DC} = {CD0FAF45-8544-4AA1-A13E-F077C7BD9A1B}
		{6DCAE2BB-3643-470C-BB35-A0148958ADD6} = {82F21526-895A-4077-B77A-69701FF6B316}
		{0D6AB128-B9D1-4EFE-96D2-A1572CB4ED85} = {D0D73445-221E-4D24-9554-35057AE93881}
		{01287F08-CC99-47BC-B878-98C55F7B115B} = {D0D73445-221E-4D24-9554-35057AE93881}
		{AA615820-C0B4-408D-97C0-0CB226661D4F} = {D0D73445-221E-4D24-9554-35057AE93881}
	EndGlobalSection
	GlobalSection(ExtensibilityGlobals) = postSolution
		SolutionGuid = {81B4481B-FF1A-41D6-BD6B-AC3A914E8772}
	EndGlobalSection
EndGlobal
